lockfileVersion: '9.0'

settings:
  autoInstallPeers: true
  excludeLinksFromLockfile: false

importers:

  .:
    devDependencies:
      typescript:
        specifier: ^5.4.5
        version: 5.9.3

  packages/create-portal-app:
    dependencies:
      ora:
        specifier: ^8.0.1
        version: 8.2.0
      picocolors:
        specifier: ^1.0.1
        version: 1.1.1
      prompts:
        specifier: ^2.4.2
        version: 2.4.2
    devDependencies:
      '@types/node':
        specifier: ^20.12.7
        version: 20.19.43
      '@types/prompts':
        specifier: ^2.4.9
        version: 2.4.9
      typescript:
        specifier: ^5.4.5
        version: 5.9.3

  packages/portal-agent:
    dependencies:
      '@interchained/portal-contract':
        specifier: workspace:*
        version: link:../portal-contract
      ora:
        specifier: ^8.0.1
        version: 8.2.0
      picocolors:
        specifier: ^1.0.1
        version: 1.1.1
    devDependencies:
      '@types/node':
        specifier: ^20.12.7
        version: 20.19.43
      typescript:
        specifier: ^5.4.5
        version: 5.9.3

  packages/portal-cli:
    dependencies:
      '@interchained/portal-agent':
        specifier: workspace:*
        version: link:../portal-agent
      '@interchained/portal-contract':
        specifier: workspace:*
        version: link:../portal-contract
      '@interchained/portal-core':
        specifier: workspace:*
        version: link:../portal-core
      commander:
        specifier: ^12.0.0
        version: 12.1.0
      execa:
        specifier: ^8.0.1
        version: 8.0.1
      ora:
        specifier: ^8.0.1
        version: 8.2.0
      picocolors:
        specifier: ^1.0.1
        version: 1.1.1
      prompts:
        specifier: ^2.4.2
        version: 2.4.2
      vite:
        specifier: ^5.2.0
        version: 5.4.21(@types/node@20.19.43)
    devDependencies:
      '@types/node':
        specifier: ^20.12.7
        version: 20.19.43
      '@types/prompts':
        specifier: ^2.4.9
        version: 2.4.9
      typescript:
        specifier: ^5.4.5
        version: 5.9.3

  packages/portal-contract:
    devDependencies:
      typescript:
        specifier: ^5.4.5
        version: 5.9.3

  packages/portal-core:
    dependencies:
      '@interchained/portal-contract':
        specifier: workspace:*
        version: link:../portal-contract
      chokidar:
        specifier: ^3.6.0
        version: 3.6.0
      glob:
        specifier: ^10.3.10
        version: 10.5.0
    devDependencies:
      '@types/node':
        specifier: ^20.12.7
        version: 20.19.43
      typescript:
        specifier: ^5.4.5
        version: 5.9.3
      vite:
        specifier: ^5.2.0
        version: 5.4.21(@types/node@20.19.43)

  packages/portal-react:
    dependencies:
      '@interchained/portal-contract':
        specifier: workspace:*
        version: link:../portal-contract
      react:
        specifier: '>=18.0.0'
        version: 19.2.7
      react-dom:
        specifier: '>=18.0.0'
        version: 19.2.7(react@19.2.7)
    devDependencies:
      '@types/node':
        specifier: ^20.12.7
        version: 20.19.43
      '@types/react':
        specifier: ^18.3.1
        version: 18.3.31
      '@types/react-dom':
        specifier: ^18.3.0
        version: 18.3.7(@types/react@18.3.31)
      typescript:
        specifier: ^5.4.5
        version: 5.9.3

packages:

  '@esbuild/aix-ppc64@0.21.5':
    resolution: {integrity: sha512-1SDgH6ZSPTlggy1yI6+Dbkiz8xzpHJEVAlF/AM1tHPLsf5STom9rwtjE4hKAF20FfXXNTFqEYXyJNWh1GiZedQ==}
    engines: {node: '>=12'}
    cpu: [ppc64]
    os: [aix]

  '@esbuild/android-arm64@0.21.5':
    resolution: {integrity: sha512-c0uX9VAUBQ7dTDCjq+wdyGLowMdtR/GoC2U5IYk/7D1H1JYC0qseD7+11iMP2mRLN9RcCMRcjC4YMclCzGwS/A==}
    engines: {node: '>=12'}
    cpu: [arm64]
    os: [android]

  '@esbuild/android-arm@0.21.5':
    resolution: {integrity: sha512-vCPvzSjpPHEi1siZdlvAlsPxXl7WbOVUBBAowWug4rJHb68Ox8KualB+1ocNvT5fjv6wpkX6o/iEpbDrf68zcg==}
    engines: {node: '>=12'}
    cpu: [arm]
    os: [android]

  '@esbuild/android-x64@0.21.5':
    resolution: {integrity: sha512-D7aPRUUNHRBwHxzxRvp856rjUHRFW1SdQATKXH2hqA0kAZb1hKmi02OpYRacl0TxIGz/ZmXWlbZgjwWYaCakTA==}
    engines: {node: '>=12'}
    cpu: [x64]
    os: [android]

  '@esbuild/darwin-arm64@0.21.5':
    resolution: {integrity: sha512-DwqXqZyuk5AiWWf3UfLiRDJ5EDd49zg6O9wclZ7kUMv2WRFr4HKjXp/5t8JZ11QbQfUS6/cRCKGwYhtNAY88kQ==}
    engines: {node: '>=12'}
    cpu: [arm64]
    os: [darwin]

  '@esbuild/darwin-x64@0.21.5':
    resolution: {integrity: sha512-se/JjF8NlmKVG4kNIuyWMV/22ZaerB+qaSi5MdrXtd6R08kvs2qCN4C09miupktDitvh8jRFflwGFBQcxZRjbw==}
    engines: {node: '>=12'}
    cpu: [x64]
    os: [darwin]

  '@esbuild/freebsd-arm64@0.21.5':
    resolution: {integrity: sha512-5JcRxxRDUJLX8JXp/wcBCy3pENnCgBR9bN6JsY4OmhfUtIHe3ZW0mawA7+RDAcMLrMIZaf03NlQiX9DGyB8h4g==}
    engines: {node: '>=12'}
    cpu: [arm64]
    os: [freebsd]

  '@esbuild/freebsd-x64@0.21.5':
    resolution: {integrity: sha512-J95kNBj1zkbMXtHVH29bBriQygMXqoVQOQYA+ISs0/2l3T9/kj42ow2mpqerRBxDJnmkUDCaQT/dfNXWX/ZZCQ==}
    engines: {node: '>=12'}
    cpu: [x64]
    os: [freebsd]

  '@esbuild/linux-arm64@0.21.5':
    resolution: {integrity: sha512-ibKvmyYzKsBeX8d8I7MH/TMfWDXBF3db4qM6sy+7re0YXya+K1cem3on9XgdT2EQGMu4hQyZhan7TeQ8XkGp4Q==}
    engines: {node: '>=12'}
    cpu: [arm64]
    os: [linux]

  '@esbuild/linux-arm@0.21.5':
    resolution: {integrity: sha512-bPb5AHZtbeNGjCKVZ9UGqGwo8EUu4cLq68E95A53KlxAPRmUyYv2D6F0uUI65XisGOL1hBP5mTronbgo+0bFcA==}
    engines: {node: '>=12'}
    cpu: [arm]
    os: [linux]

  '@esbuild/linux-ia32@0.21.5':
    resolution: {integrity: sha512-YvjXDqLRqPDl2dvRODYmmhz4rPeVKYvppfGYKSNGdyZkA01046pLWyRKKI3ax8fbJoK5QbxblURkwK/MWY18Tg==}
    engines: {node: '>=12'}
    cpu: [ia32]
    os: [linux]

  '@esbuild/linux-loong64@0.21.5':
    resolution: {integrity: sha512-uHf1BmMG8qEvzdrzAqg2SIG/02+4/DHB6a9Kbya0XDvwDEKCoC8ZRWI5JJvNdUjtciBGFQ5PuBlpEOXQj+JQSg==}
    engines: {node: '>=12'}
    cpu: [loong64]
    os: [linux]

  '@esbuild/linux-mips64el@0.21.5':
    resolution: {integrity: sha512-IajOmO+KJK23bj52dFSNCMsz1QP1DqM6cwLUv3W1QwyxkyIWecfafnI555fvSGqEKwjMXVLokcV5ygHW5b3Jbg==}
    engines: {node: '>=12'}
    cpu: [mips64el]
    os: [linux]

  '@esbuild/linux-ppc64@0.21.5':
    resolution: {integrity: sha512-1hHV/Z4OEfMwpLO8rp7CvlhBDnjsC3CttJXIhBi+5Aj5r+MBvy4egg7wCbe//hSsT+RvDAG7s81tAvpL2XAE4w==}
    engines: {node: '>=12'}
    cpu: [ppc64]
    os: [linux]

  '@esbuild/linux-riscv64@0.21.5':
    resolution: {integrity: sha512-2HdXDMd9GMgTGrPWnJzP2ALSokE/0O5HhTUvWIbD3YdjME8JwvSCnNGBnTThKGEB91OZhzrJ4qIIxk/SBmyDDA==}
    engines: {node: '>=12'}
    cpu: [riscv64]
    os: [linux]

  '@esbuild/linux-s390x@0.21.5':
    resolution: {integrity: sha512-zus5sxzqBJD3eXxwvjN1yQkRepANgxE9lgOW2qLnmr8ikMTphkjgXu1HR01K4FJg8h1kEEDAqDcZQtbrRnB41A==}
    engines: {node: '>=12'}
    cpu: [s390x]
    os: [linux]

  '@esbuild/linux-x64@0.21.5':
    resolution: {integrity: sha512-1rYdTpyv03iycF1+BhzrzQJCdOuAOtaqHTWJZCWvijKD2N5Xu0TtVC8/+1faWqcP9iBCWOmjmhoH94dH82BxPQ==}
    engines: {node: '>=12'}
    cpu: [x64]
    os: [linux]

  '@esbuild/netbsd-x64@0.21.5':
    resolution: {integrity: sha512-Woi2MXzXjMULccIwMnLciyZH4nCIMpWQAs049KEeMvOcNADVxo0UBIQPfSmxB3CWKedngg7sWZdLvLczpe0tLg==}
    engines: {node: '>=12'}
    cpu: [x64]
    os: [netbsd]

  '@esbuild/openbsd-x64@0.21.5':
    resolution: {integrity: sha512-HLNNw99xsvx12lFBUwoT8EVCsSvRNDVxNpjZ7bPn947b8gJPzeHWyNVhFsaerc0n3TsbOINvRP2byTZ5LKezow==}
    engines: {node: '>=12'}
    cpu: [x64]
    os: [openbsd]

  '@esbuild/sunos-x64@0.21.5':
    resolution: {integrity: sha512-6+gjmFpfy0BHU5Tpptkuh8+uw3mnrvgs+dSPQXQOv3ekbordwnzTVEb4qnIvQcYXq6gzkyTnoZ9dZG+D4garKg==}
    engines: {node: '>=12'}
    cpu: [x64]
    os: [sunos]

  '@esbuild/win32-arm64@0.21.5':
    resolution: {integrity: sha512-Z0gOTd75VvXqyq7nsl93zwahcTROgqvuAcYDUr+vOv8uHhNSKROyU961kgtCD1e95IqPKSQKH7tBTslnS3tA8A==}
    engines: {node: '>=12'}
    cpu: [arm64]
    os: [win32]

  '@esbuild/win32-ia32@0.21.5':
    resolution: {integrity: sha512-SWXFF1CL2RVNMaVs+BBClwtfZSvDgtL//G/smwAc5oVK/UPu2Gu9tIaRgFmYFFKrmg3SyAjSrElf0TiJ1v8fYA==}
    engines: {node: '>=12'}
    cpu: [ia32]
    os: [win32]

  '@esbuild/win32-x64@0.21.5':
    resolution: {integrity: sha512-tQd/1efJuzPC6rCFwEvLtci/xNFcTZknmXs98FYDfGE4wP9ClFV98nyKrzJKVPMhdDnjzLhdUyMX4PsQAPjwIw==}
    engines: {node: '>=12'}
    cpu: [x64]
    os: [win32]

  '@isaacs/cliui@8.0.2':
    resolution: {integrity: sha512-O8jcjabXaleOG9DQ0+ARXWZBTfnP4WNAqzuiJK7ll44AmxGKv/J2M4TPjxjY3znBCfvBXFzucm1twdyFybFqEA==}
    engines: {node: '>=12'}

  '@pkgjs/parseargs@0.11.0':
    resolution: {integrity: sha512-+1VkjdD0QBLPodGrJUeqarH8VAIvQODIbwh9XpP5Syisf7YoQgsJKPNFoqqLQlu+VQ/tVSshMR6loPMn8U+dPg==}
    engines: {node: '>=14'}

  '@rollup/rollup-android-arm-eabi@4.61.1':
    resolution: {integrity: sha512-JnBB8MdXj45cajvTuO5FmPlvFVJRQgvrz1uSEl3NwqFnReAPGwb8EanbGi4z2nRaqLzjJSv5/JmycoTKlRZxHA==}
    cpu: [arm]
    os: [android]

  '@rollup/rollup-android-arm64@4.61.1':
    resolution: {integrity: sha512-Jx2g7iSjw4AOT0HDPHM9RV3GNjRXwybWtSFZiZAYUTjUwjVrYIwq3kBf+LnhqJlzXFAqTAh2F7IGI+O568exPw==}
    cpu: [arm64]
    os: [android]

  '@rollup/rollup-darwin-arm64@4.61.1':
    resolution: {integrity: sha512-0F1L/Z3Eqv8mT2n3dCpeO8GcTvHvVqkP5/t6DMsn0KzhYVcg+s7Ncl5DS8qjKYEeio6Az0Gt6nyBORay5qIlCA==}
    cpu: [arm64]
    os: [darwin]

  '@rollup/rollup-darwin-x64@4.61.1':
    resolution: {integrity: sha512-qLttcH871ujY4YcVfUSShhOw+CsoTatYz8gRbHO7Bb92QH059/P0y5do1KMs41fY0BpD2x4AJH/gID0zFiqVKQ==}
    cpu: [x64]
    os: [darwin]

  '@rollup/rollup-freebsd-arm64@4.61.1':
    resolution: {integrity: sha512-fUI4RapGE0Oh3mb8mgfvC1O2nU1RpDZUKnDQm3xB1Ipg7C2wTs5Kstz7G2uWK99a8S2yTMq8/P4uycwNa0nJyw==}
    cpu: [arm64]
    os: [freebsd]

  '@rollup/rollup-freebsd-x64@4.61.1':
    resolution: {integrity: sha512-H5YrdvJaDtI/U9/emrD4b++xkvp3y/JvOe4rizHbxvkyMfRS/CiRYdji+Pl8D0brEaNFWUh1drQxgAGIl6Xudw==}
    cpu: [x64]
    os: [freebsd]

  '@rollup/rollup-linux-arm-gnueabihf@4.61.1':
    resolution: {integrity: sha512-Q8CBCCQtDFrYtXoeUXSrnFXKOnyUhx6bz+SkL6A0E7V8kAiCJ5pamq1WtbfpVGhR5TSpXY6ak3avmDc5fHTyJA==}
    cpu: [arm]
    os: [linux]
    libc: [glibc]

  '@rollup/rollup-linux-arm-musleabihf@4.61.1':
    resolution: {integrity: sha512-nwnhk1581l0FBVellGcVCAT0Oi06onEA3WB53sf01VO3I0UPBkMH9sXONYME2K0ovXcNayJfNtHfm6mpJElatQ==}
    cpu: [arm]
    os: [linux]
    libc: [musl]

  '@rollup/rollup-linux-arm64-gnu@4.61.1':
    resolution: {integrity: sha512-x5Xr49hwt3hdW75UOZm3395YwwzPyauktslv29KpWL/T+vVAzoT3azLcTWv0eMciBNrx+DYjH4paehHoLpPvpg==}
    cpu: [arm64]
    os: [linux]
    libc: [glibc]

  '@rollup/rollup-linux-arm64-musl@4.61.1':
    resolution: {integrity: sha512-unMS3H73DpaoPyyEVPjGKleM/s0mkmsauTENpw4INQY8y4+IuLNjkueQ5QCtC0D3N38Y38yhAU8OoZ20S2Tm6w==}
    cpu: [arm64]
    os: [linux]
    libc: [musl]

  '@rollup/rollup-linux-loong64-gnu@4.61.1':
    resolution: {integrity: sha512-zNZzGRnAhwjFEYmvphJRV5XaQGjs62cCmeYYHUT//NbvEnHauw+I85nGG+SiVg5ld4GX8D1IbKIX+ozITQnhMQ==}
    cpu: [loong64]
    os: [linux]
    libc: [glibc]

  '@rollup/rollup-linux-loong64-musl@4.61.1':
    resolution: {integrity: sha512-LdpWGL8X209B2SIvWjqlc8VZgM6PKfontSerGepuldQmHYrAOtnMCXeJkxXGbC+PPZVOuu5czJo7fNV6aeW8rQ==}
    cpu: [loong64]
    os: [linux]
    libc: [musl]

  '@rollup/rollup-linux-ppc64-gnu@4.61.1':
    resolution: {integrity: sha512-EC5kTtNaNGOmbMGqar8dvJy6y/hg99GAwjfBz++pxZhQATXGcRjd6c5en5wcbru0vkRmiMGsQKdMJOOf6sza4g==}
    cpu: [ppc64]
    os: [linux]
    libc: [glibc]

  '@rollup/rollup-linux-ppc64-musl@4.61.1':
    resolution: {integrity: sha512-8hiwp6D4acEcNK78I4rP0/XtS1sknWIAMJBPdR4l6zUtyTm5KiTDr5bXmWt4foY7nAN7AThDHgkLIEZOWKbzWw==}
    cpu: [ppc64]
    os: [linux]
    libc: [musl]

  '@rollup/rollup-linux-riscv64-gnu@4.61.1':
    resolution: {integrity: sha512-10dh/h/BqA7DuMPWSxkR8uks18FRwnwOEqr5zOTEl+NOwP/OMzKX8OFR/Of9xxDA7D5qef1Nzar5WDD2kCCr1g==}
    cpu: [riscv64]
    os: [linux]
    libc: [glibc]

  '@rollup/rollup-linux-riscv64-musl@4.61.1':
    resolution: {integrity: sha512-YKJ5lg35DP17gcAOggnihe+APw9HLyj1Xn7gsmGumBJAUDa6NGXNixJzmkWLhcK9TOuuyQjdamzvJefkO7qHZQ==}
    cpu: [riscv64]
    os: [linux]
    libc: [musl]

  '@rollup/rollup-linux-s390x-gnu@4.61.1':
    resolution: {integrity: sha512-Mlil5G2Jj6a7B3LWGctg+XPL9vdXYuzCtNXfxOQ0nPjc2m6ueUktocPGH9bnAM0bNRKb/bAWTujUU7IJQdQA+g==}
    cpu: [s390x]
    os: [linux]
    libc: [glibc]

  '@rollup/rollup-linux-x64-gnu@4.61.1':
    resolution: {integrity: sha512-bVWIOIk6pV01p4CdUbPP7CJ/434z+OooYjDuFcR+44N35YvKUC66G8MGnvcWx5mWKW3g61J+t74l3Kj15Kwn2Q==}
    cpu: [x64]
    os: [linux]
    libc: [glibc]

  '@rollup/rollup-linux-x64-musl@4.61.1':
    resolution: {integrity: sha512-qy5pBvZbqNFheBz61R1rzsezjm0J7O2oNGoWtGoY89SZYLUfxAJTBAqDChqAIdB4rCiIbi9nF7yZ83GnNiLwSw==}
    cpu: [x64]
    os: [linux]
    libc: [musl]

  '@rollup/rollup-openbsd-x64@4.61.1':
    resolution: {integrity: sha512-E83TXjI4zm0+5f2qO+UOudaCYIhYwpJ5jq6YCZNIZ+6CbfhKrkAGezeiASBL9ElxAxFsRS9ZhESv8mfnj6TKeg==}
    cpu: [x64]
    os: [openbsd]

  '@rollup/rollup-openharmony-arm64@4.61.1':
    resolution: {integrity: sha512-fbWnKqVkjrJN38vNe3ahkbk6iejS/3b0Nt7EEtPpE6RBacZcGXNKbzfHN3GUUlXOPghUg0j6XUGrtjX9z1sIvA==}
    cpu: [arm64]
    os: [openharmony]

  '@rollup/rollup-win32-arm64-msvc@4.61.1':
    resolution: {integrity: sha512-ArMl38iVAbk0New1ogihQNY6iphLi4ZaRsa037gUzv5yeKPY8TD3Dmy4x2RNC1VztU/uqm+G+/RwFrSka3Oy2g==}
    cpu: [arm64]
    os: [win32]

  '@rollup/rollup-win32-ia32-msvc@4.61.1':
    resolution: {integrity: sha512-0mYtjHS9ucAbcATycCNK9IGBk/cCe/ma7EmSLGZdsxnOA8cjRIyU04wDpVAD9NiOfLUR9KTxdiO53uOkherqjQ==}
    cpu: [ia32]
    os: [win32]

  '@rollup/rollup-win32-x64-gnu@4.61.1':
    resolution: {integrity: sha512-gK1iCEPfpoSG9wfBihXxvBMi8ZfcWffYkEsC/Eih+iFENTaewvNcrEQ69lIOWYO5pePHKLHHO7nq5AILGO/HQQ==}
    cpu: [x64]
    os: [win32]

  '@rollup/rollup-win32-x64-msvc@4.61.1':
    resolution: {integrity: sha512-X+zaP2x+j4RXGfbp/seSoRHWnPxzApilDszisZxbYH5C/jTxFhCtDNdPGZb9lJyYPs24wGxruPF7Y+sIXt9Gzw==}
    cpu: [x64]
    os: [win32]

  '@types/estree@1.0.9':
    resolution: {integrity: sha512-GhdPgy1el4/ImP05X05Uw4cw2/M93BCUmnEvWZNStlCzEKME4Fkk+YpoA5OiHNQmoS7Cafb8Xa3Pya8m1Qrzeg==}

  '@types/node@20.19.43':
    resolution: {integrity: sha512-6oYBAi5ikg4Pl+kGsoYtawUMBT2zZMCvPNF7pVLnHZfd1zf38DRiWn/gT01RYCdUqkv7Fhr+C9ot4/tb+2sVvA==}

  '@types/prompts@2.4.9':
    resolution: {integrity: sha512-qTxFi6Buiu8+50/+3DGIWLHM6QuWsEKugJnnP6iv2Mc4ncxE4A/OJkjuVOA+5X0X1S/nq5VJRa8Lu+nwcvbrKA==}

  '@types/prop-types@15.7.15':
    resolution: {integrity: sha512-F6bEyamV9jKGAFBEmlQnesRPGOQqS2+Uwi0Em15xenOxHaf2hv6L8YCVn3rPdPJOiJfPiCnLIRyvwVaqMY3MIw==}

  '@types/react-dom@18.3.7':
    resolution: {integrity: sha512-MEe3UeoENYVFXzoXEWsvcpg6ZvlrFNlOQ7EOsvhI3CfAXwzPfO8Qwuxd40nepsYKqyyVQnTdEfv68q91yLcKrQ==}
    peerDependencies:
      '@types/react': ^18.0.0

  '@types/react@18.3.31':
    resolution: {integrity: sha512-vfEqpXTvwT91yhmwdfouStN2hSKwTvyRs8qpLfADyrq/kxDw0hZM7Wk9Ug1FELj8hIby+S/+kQCSRFF32nv2Qw==}

  ansi-regex@5.0.1:
    resolution: {integrity: sha512-quJQXlTSUGL2LH9SUXo8VwsY4soanhgo6LNSm84E1LBcE8s3O0wpdiRzyR9z/ZZJMlMWv37qOOb9pdJlMUEKFQ==}
    engines: {node: '>=8'}

  ansi-regex@6.2.2:
    resolution: {integrity: sha512-Bq3SmSpyFHaWjPk8If9yc6svM8c56dB5BAtW4Qbw5jHTwwXXcTLoRMkpDJp6VL0XzlWaCHTXrkFURMYmD0sLqg==}
    engines: {node: '>=12'}

  ansi-styles@4.3.0:
    resolution: {integrity: sha512-zbB9rCJAT1rbjiVDb2hqKFHNYLxgtk8NURxZ3IZwD3F6NtxbXZQCnnSi1Lkx+IDohdPlFp222wVALIheZJQSEg==}
    engines: {node: '>=8'}

  ansi-styles@6.2.3:
    resolution: {integrity: sha512-4Dj6M28JB+oAH8kFkTLUo+a2jwOFkuqb3yucU0CANcRRUbxS0cP0nZYCGjcc3BNXwRIsUVmDGgzawme7zvJHvg==}
    engines: {node: '>=12'}

  anymatch@3.1.3:
    resolution: {integrity: sha512-KMReFUr0B4t+D+OBkjR3KYqvocp2XaSzO55UcB6mgQMd3KbcE+mWTyvVV7D/zsdEbNnV6acZUutkiHQXvTr1Rw==}
    engines: {node: '>= 8'}

  balanced-match@1.0.2:
    resolution: {integrity: sha512-3oSeUO0TMV67hN1AmbXsK4yaqU7tjiHlbxRDZOpH0KW9+CeX4bRAaX0Anxt0tx2MrpRpWwQaPwIlISEJhYU5Pw==}

  binary-extensions@2.3.0:
    resolution: {integrity: sha512-Ceh+7ox5qe7LJuLHoY0feh3pHuUDHAcRUeyL2VYghZwfpkNIy/+8Ocg0a3UuSoYzavmylwuLWQOf3hl0jjMMIw==}
    engines: {node: '>=8'}

  brace-expansion@2.1.1:
    resolution: {integrity: sha512-WR1cURNjuvBLMZBMbqM0UoE+WAfdUcEV1ccD8PVBVOI+Z3ND4+SZbN8RsfT2bMuG1qwz5RFvPukSZm5fF2D5eA==}

  braces@3.0.3:
    resolution: {integrity: sha512-yQbXgO/OSZVD2IsiLlro+7Hf6Q18EJrKSEsdoMzKePKXct3gvD8oLcOQdIzGupr5Fj+EDe8gO/lxc1BzfMpxvA==}
    engines: {node: '>=8'}

  chalk@5.6.2:
    resolution: {integrity: sha512-7NzBL0rN6fMUW+f7A6Io4h40qQlG+xGmtMxfbnH/K7TAtt8JQWVQK+6g0UXKMeVJoyV5EkkNsErQ8pVD3bLHbA==}
    engines: {node: ^12.17.0 || ^14.13 || >=16.0.0}

  chokidar@3.6.0:
    resolution: {integrity: sha512-7VT13fmjotKpGipCW9JEQAusEPE+Ei8nl6/g4FBAmIm0GOOLMua9NDDo/DWp0ZAxCr3cPq5ZpBqmPAQgDda2Pw==}
    engines: {node: '>= 8.10.0'}

  cli-cursor@5.0.0:
    resolution: {integrity: sha512-aCj4O5wKyszjMmDT4tZj93kxyydN/K5zPWSCe6/0AV/AA1pqe5ZBIw0a2ZfPQV7lL5/yb5HsUreJ6UFAF1tEQw==}
    engines: {node: '>=18'}

  cli-spinners@2.9.2:
    resolution: {integrity: sha512-ywqV+5MmyL4E7ybXgKys4DugZbX0FC6LnwrhjuykIjnK9k8OQacQ7axGKnjDXWNhns0xot3bZI5h55H8yo9cJg==}
    engines: {node: '>=6'}

  color-convert@2.0.1:
    resolution: {integrity: sha512-RRECPsj7iu/xb5oKYcsFHSppFNnsj/52OVTRKb4zP5onXwVF3zVmmToNcOfGC+CRDpfK/U584fMg38ZHCaElKQ==}
    engines: {node: '>=7.0.0'}

  color-name@1.1.4:
    resolution: {integrity: sha512-dOy+3AuW3a2wNbZHIuMZpTcgjGuLU/uBL/ubcZF9OXbDo8ff4O8yVp5Bf0efS8uEoYo5q4Fx7dY9OgQGXgAsQA==}

  commander@12.1.0:
    resolution: {integrity: sha512-Vw8qHK3bZM9y/P10u3Vib8o/DdkvA2OtPtZvD871QKjy74Wj1WSKFILMPRPSdUSx5RFK1arlJzEtA4PkFgnbuA==}
    engines: {node: '>=18'}

  cross-spawn@7.0.6:
    resolution: {integrity: sha512-uV2QOWP2nWzsy2aMp8aRibhi9dlzF5Hgh5SHaB9OiTGEyDTiJJyx0uy51QXdyWbtAHNua4XJzUKca3OzKUd3vA==}
    engines: {node: '>= 8'}

  csstype@3.2.3:
    resolution: {integrity: sha512-z1HGKcYy2xA8AGQfwrn0PAy+PB7X/GSj3UVJW9qKyn43xWa+gl5nXmU4qqLMRzWVLFC8KusUX8T/0kCiOYpAIQ==}

  eastasianwidth@0.2.0:
    resolution: {integrity: sha512-I88TYZWc9XiYHRQ4/3c5rjjfgkjhLyW2luGIheGERbNQ6OY7yTybanSpDXZa8y7VUP9YmDcYa+eyq4ca7iLqWA==}

  emoji-regex@10.6.0:
    resolution: {integrity: sha512-toUI84YS5YmxW219erniWD0CIVOo46xGKColeNQRgOzDorgBi1v4D71/OFzgD9GO2UGKIv1C3Sp8DAn0+j5w7A==}

  emoji-regex@8.0.0:
    resolution: {integrity: sha512-MSjYzcWNOA0ewAHpz0MxpYFvwg6yjy1NG3xteoqz644VCo/RPgnr1/GGt+ic3iJTzQ8Eu3TdM14SawnVUmGE6A==}

  emoji-regex@9.2.2:
    resolution: {integrity: sha512-L18DaJsXSUk2+42pv8mLs5jJT2hqFkFE4j21wOmgbUqsZ2hL72NsUU785g9RXgo3s0ZNgVl42TiHp3ZtOv/Vyg==}

  esbuild@0.21.5:
    resolution: {integrity: sha512-mg3OPMV4hXywwpoDxu3Qda5xCKQi+vCTZq8S9J/EpkhB2HzKXq4SNFZE3+NK93JYxc8VMSep+lOUSC/RVKaBqw==}
    engines: {node: '>=12'}
    hasBin: true

  execa@8.0.1:
    resolution: {integrity: sha512-VyhnebXciFV2DESc+p6B+y0LjSm0krU4OgJN44qFAhBY0TJ+1V61tYD2+wHusZ6F9n5K+vl8k0sTy7PEfV4qpg==}
    engines: {node: '>=16.17'}

  fill-range@7.1.1:
    resolution: {integrity: sha512-YsGpe3WHLK8ZYi4tWDg2Jy3ebRz2rXowDxnld4bkQB00cc/1Zw9AWnC0i9ztDJitivtQvaI9KaLyKrc+hBW0yg==}
    engines: {node: '>=8'}

  foreground-child@3.3.1:
    resolution: {integrity: sha512-gIXjKqtFuWEgzFRJA9WCQeSJLZDjgJUOMCMzxtvFq/37KojM1BFGufqsCy0r4qSQmYLsZYMeyRqzIWOMup03sw==}
    engines: {node: '>=14'}

  fsevents@2.3.3:
    resolution: {integrity: sha512-5xoDfX+fL7faATnagmWPpbFtwh/R77WmMMqqHGS65C3vvB0YHrgF+B1YmZ3441tMj5n63k0212XNoJwzlhffQw==}
    engines: {node: ^8.16.0 || ^10.6.0 || >=11.0.0}
    os: [darwin]

  get-east-asian-width@1.6.0:
    resolution: {integrity: sha512-QRbvDIbx6YklUe6RxeTeleMR0yv3cYH6PsPZHcnVn7xv7zO1BHN8r0XETu8n6Ye3Q+ahtSarc3WgtNWmehIBfA==}
    engines: {node: '>=18'}

  get-stream@8.0.1:
    resolution: {integrity: sha512-VaUJspBffn/LMCJVoMvSAdmscJyS1auj5Zulnn5UoYcY531UWmdwhRWkcGKnGU93m5HSXP9LP2usOryrBtQowA==}
    engines: {node: '>=16'}

  glob-parent@5.1.2:
    resolution: {integrity: sha512-AOIgSQCepiJYwP3ARnGx+5VnTu2HBYdzbGP45eLw1vr3zB3vZLeyed1sC9hnbcOc9/SrMyM5RPQrkGz4aS9Zow==}
    engines: {node: '>= 6'}

  glob@10.5.0:
    resolution: {integrity: sha512-DfXN8DfhJ7NH3Oe7cFmu3NCu1wKbkReJ8TorzSAFbSKrlNaQSKfIzqYqVY8zlbs2NLBbWpRiU52GX2PbaBVNkg==}
    deprecated: Old versions of glob are not supported, and contain widely publicized security vulnerabilities, which have been fixed in the current version. Please update. Support for old versions may be purchased (at exorbitant rates) by contacting i@izs.me
    hasBin: true

  human-signals@5.0.0:
    resolution: {integrity: sha512-AXcZb6vzzrFAUE61HnN4mpLqd/cSIwNQjtNWR0euPm6y0iqx3G4gOXaIDdtdDwZmhwe82LA6+zinmW4UBWVePQ==}
    engines: {node: '>=16.17.0'}

  is-binary-path@2.1.0:
    resolution: {integrity: sha512-ZMERYes6pDydyuGidse7OsHxtbI7WVeUEozgR/g7rd0xUimYNlvZRE/K2MgZTjWy725IfelLeVcEM97mmtRGXw==}
    engines: {node: '>=8'}

  is-extglob@2.1.1:
    resolution: {integrity: sha512-SbKbANkN603Vi4jEZv49LeVJMn4yGwsbzZworEoyEiutsN3nJYdbO36zfhGJ6QEDpOZIFkDtnq5JRxmvl3jsoQ==}
    engines: {node: '>=0.10.0'}

  is-fullwidth-code-point@3.0.0:
    resolution: {integrity: sha512-zymm5+u+sCsSWyD9qNaejV3DFvhCKclKdizYaJUuHA83RLjb7nSuGnddCHGv0hk+KY7BMAlsWeK4Ueg6EV6XQg==}
    engines: {node: '>=8'}

  is-glob@4.0.3:
    resolution: {integrity: sha512-xelSayHH36ZgE7ZWhli7pW34hNbNl8Ojv5KVmkJD4hBdD3th8Tfk9vYasLM+mXWOZhFkgZfxhLSnrwRr4elSSg==}
    engines: {node: '>=0.10.0'}

  is-interactive@2.0.0:
    resolution: {integrity: sha512-qP1vozQRI+BMOPcjFzrjXuQvdak2pHNUMZoeG2eRbiSqyvbEf/wQtEOTOX1guk6E3t36RkaqiSt8A/6YElNxLQ==}
    engines: {node: '>=12'}

  is-number@7.0.0:
    resolution: {integrity: sha512-41Cifkg6e8TylSpdtTpeLVMqvSBEVzTttHvERD741+pnZ8ANv0004MRL43QKPDlK9cGvNp6NZWZUBlbGXYxxng==}
    engines: {node: '>=0.12.0'}

  is-stream@3.0.0:
    resolution: {integrity: sha512-LnQR4bZ9IADDRSkvpqMGvt/tEJWclzklNgSw48V5EAaAeDd6qGvN8ei6k5p0tvxSR171VmGyHuTiAOfxAbr8kA==}
    engines: {node: ^12.20.0 || ^14.13.1 || >=16.0.0}

  is-unicode-supported@1.3.0:
    resolution: {integrity: sha512-43r2mRvz+8JRIKnWJ+3j8JtjRKZ6GmjzfaE/qiBJnikNnYv/6bagRJ1kUhNk8R5EX/GkobD+r+sfxCPJsiKBLQ==}
    engines: {node: '>=12'}

  is-unicode-supported@2.1.0:
    resolution: {integrity: sha512-mE00Gnza5EEB3Ds0HfMyllZzbBrmLOX3vfWoj9A9PEnTfratQ/BcaJOuMhnkhjXvb2+FkY3VuHqtAGpTPmglFQ==}
    engines: {node: '>=18'}

  isexe@2.0.0:
    resolution: {integrity: sha512-RHxMLp9lnKHGHRng9QFhRCMbYAcVpn69smSGcq3f36xjgVVWThj4qqLbTLlq7Ssj8B+fIQ1EuCEGI2lKsyQeIw==}

  jackspeak@3.4.3:
    resolution: {integrity: sha512-OGlZQpz2yfahA/Rd1Y8Cd9SIEsqvXkLVoSw/cgwhnhFMDbsQFeZYoJJ7bIZBS9BcamUW96asq/npPWugM+RQBw==}

  kleur@3.0.3:
    resolution: {integrity: sha512-eTIzlVOSUR+JxdDFepEYcBMtZ9Qqdef+rnzWdRZuMbOywu5tO2w2N7rqjoANZ5k9vywhL6Br1VRjUIgTQx4E8w==}
    engines: {node: '>=6'}

  log-symbols@6.0.0:
    resolution: {integrity: sha512-i24m8rpwhmPIS4zscNzK6MSEhk0DUWa/8iYQWxhffV8jkI4Phvs3F+quL5xvS0gdQR0FyTCMMH33Y78dDTzzIw==}
    engines: {node: '>=18'}

  lru-cache@10.4.3:
    resolution: {integrity: sha512-JNAzZcXrCt42VGLuYz0zfAzDfAvJWW6AfYlDBQyDV5DClI2m5sAmK+OIO7s59XfsRsWHp02jAJrRadPRGTt6SQ==}

  merge-stream@2.0.0:
    resolution: {integrity: sha512-abv/qOcuPfk3URPfDzmZU1LKmuw8kT+0nIHvKrKgFrwifol/doWcdA4ZqsWQ8ENrFKkd67Mfpo/LovbIUsbt3w==}

  mimic-fn@4.0.0:
    resolution: {integrity: sha512-vqiC06CuhBTUdZH+RYl8sFrL096vA45Ok5ISO6sE/Mr1jRbGH4Csnhi8f3wKVl7x8mO4Au7Ir9D3Oyv1VYMFJw==}
    engines: {node: '>=12'}

  mimic-function@5.0.1:
    resolution: {integrity: sha512-VP79XUPxV2CigYP3jWwAUFSku2aKqBH7uTAapFWCBqutsbmDo96KY5o8uh6U+/YSIn5OxJnXp73beVkpqMIGhA==}
    engines: {node: '>=18'}

  minimatch@9.0.9:
    resolution: {integrity: sha512-OBwBN9AL4dqmETlpS2zasx+vTeWclWzkblfZk7KTA5j3jeOONz/tRCnZomUyvNg83wL5Zv9Ss6HMJXAgL8R2Yg==}
    engines: {node: '>=16 || 14 >=14.17'}

  minipass@7.1.3:
    resolution: {integrity: sha512-tEBHqDnIoM/1rXME1zgka9g6Q2lcoCkxHLuc7ODJ5BxbP5d4c2Z5cGgtXAku59200Cx7diuHTOYfSBD8n6mm8A==}
    engines: {node: '>=16 || 14 >=14.17'}

  nanoid@3.3.12:
    resolution: {integrity: sha512-ZB9RH/39qpq5Vu6Y+NmUaFhQR6pp+M2Xt76XBnEwDaGcVAqhlvxrl3B2bKS5D3NH3QR76v3aSrKaF/Kiy7lEtQ==}
    engines: {node: ^10 || ^12 || ^13.7 || ^14 || >=15.0.1}
    hasBin: true

  normalize-path@3.0.0:
    resolution: {integrity: sha512-6eZs5Ls3WtCisHWp9S2GUy8dqkpGi4BVSz3GaqiE6ezub0512ESztXUwUB6C6IKbQkY2Pnb/mD4WYojCRwcwLA==}
    engines: {node: '>=0.10.0'}

  npm-run-path@5.3.0:
    resolution: {integrity: sha512-ppwTtiJZq0O/ai0z7yfudtBpWIoxM8yE6nHi1X47eFR2EWORqfbu6CnPlNsjeN683eT0qG6H/Pyf9fCcvjnnnQ==}
    engines: {node: ^12.20.0 || ^14.13.1 || >=16.0.0}

  onetime@6.0.0:
    resolution: {integrity: sha512-1FlR+gjXK7X+AsAHso35MnyN5KqGwJRi/31ft6x0M194ht7S+rWAvd7PHss9xSKMzE0asv1pyIHaJYq+BbacAQ==}
    engines: {node: '>=12'}

  onetime@7.0.0:
    resolution: {integrity: sha512-VXJjc87FScF88uafS3JllDgvAm+c/Slfz06lorj2uAY34rlUu0Nt+v8wreiImcrgAjjIHp1rXpTDlLOGw29WwQ==}
    engines: {node: '>=18'}

  ora@8.2.0:
    resolution: {integrity: sha512-weP+BZ8MVNnlCm8c0Qdc1WSWq4Qn7I+9CJGm7Qali6g44e/PUzbjNqJX5NJ9ljlNMosfJvg1fKEGILklK9cwnw==}
    engines: {node: '>=18'}

  package-json-from-dist@1.0.1:
    resolution: {integrity: sha512-UEZIS3/by4OC8vL3P2dTXRETpebLI2NiI5vIrjaD/5UtrkFX/tNbwjTSRAGC/+7CAo2pIcBaRgWmcBBHcsaCIw==}

  path-key@3.1.1:
    resolution: {integrity: sha512-ojmeN0qd+y0jszEtoY48r0Peq5dwMEkIlCOu6Q5f41lfkswXuKtYrhgoTpLnyIcHm24Uhqx+5Tqm2InSwLhE6Q==}
    engines: {node: '>=8'}

  path-key@4.0.0:
    resolution: {integrity: sha512-haREypq7xkM7ErfgIyA0z+Bj4AGKlMSdlQE2jvJo6huWD1EdkKYV+G/T4nq0YEF2vgTT8kqMFKo1uHn950r4SQ==}
    engines: {node: '>=12'}

  path-scurry@1.11.1:
    resolution: {integrity: sha512-Xa4Nw17FS9ApQFJ9umLiJS4orGjm7ZzwUrwamcGQuHSzDyth9boKDaycYdDcZDuqYATXw4HFXgaqWTctW/v1HA==}
    engines: {node: '>=16 || 14 >=14.18'}

  picocolors@1.1.1:
    resolution: {integrity: sha512-xceH2snhtb5M9liqDsmEw56le376mTZkEX/jEb/RxNFyegNul7eNslCXP9FDj/Lcu0X8KEyMceP2ntpaHrDEVA==}

  picomatch@2.3.2:
    resolution: {integrity: sha512-V7+vQEJ06Z+c5tSye8S+nHUfI51xoXIXjHQ99cQtKUkQqqO1kO/KCJUfZXuB47h/YBlDhah2H3hdUGXn8ie0oA==}
    engines: {node: '>=8.6'}

  postcss@8.5.15:
    resolution: {integrity: sha512-FfR8sjd4em2T6fb3I2MwAJU7HWVMr9zba+enmQeeWFfCbm+UOC/0X4DS8XtpUTMwWMGbjKYP7xjfNekzyGmB3A==}
    engines: {node: ^10 || ^12 || >=14}

  prompts@2.4.2:
    resolution: {integrity: sha512-NxNv/kLguCA7p3jE8oL2aEBsrJWgAakBpgmgK6lpPWV+WuOmY6r2/zbAVnP+T8bQlA0nzHXSJSJW0Hq7ylaD2Q==}
    engines: {node: '>= 6'}

  react-dom@19.2.7:
    resolution: {integrity: sha512-t0BRVXvbiE/o20Hfw669rLbMCDWtYZLvmJigy2f0MxsXF+71pxhR3xOkspmsO8h3ZlNzyibAmtCa3l4lYKk6gQ==}
    peerDependencies:
      react: ^19.2.7

  react@19.2.7:
    resolution: {integrity: sha512-HNe9WslTbXmFK8o8cmwgAeJFSBvt1bPdHCVKtaaV+WlAN36mpT4hcRpwbf3fY56ar2oIXzsBpOAiIRHAdY0OlQ==}
    engines: {node: '>=0.10.0'}

  readdirp@3.6.0:
    resolution: {integrity: sha512-hOS089on8RduqdbhvQ5Z37A0ESjsqz6qnRcffsMU3495FuTdqSm+7bhJ29JvIOsBDEEnan5DPu9t3To9VRlMzA==}
    engines: {node: '>=8.10.0'}

  restore-cursor@5.1.0:
    resolution: {integrity: sha512-oMA2dcrw6u0YfxJQXm342bFKX/E4sG9rbTzO9ptUcR/e8A33cHuvStiYOwH7fszkZlZ1z/ta9AAoPk2F4qIOHA==}
    engines: {node: '>=18'}

  rollup@4.61.1:
    resolution: {integrity: sha512-I4KW6iuRpuu2uHBLraZ1wNZe0DP7lnRha+VJ9tNaYVaVgKhW0aI3h4RYnoRPeql0flHm/Co55b7snEDcOfOJrA==}
    engines: {node: '>=18.0.0', npm: '>=8.0.0'}
    hasBin: true

  scheduler@0.27.0:
    resolution: {integrity: sha512-eNv+WrVbKu1f3vbYJT/xtiF5syA5HPIMtf9IgY/nKg0sWqzAUEvqY/xm7OcZc/qafLx/iO9FgOmeSAp4v5ti/Q==}

  shebang-command@2.0.0:
    resolution: {integrity: sha512-kHxr2zZpYtdmrN1qDjrrX/Z1rR1kG8Dx+gkpK1G4eXmvXswmcE1hTWBWYUzlraYw1/yZp6YuDY77YtvbN0dmDA==}
    engines: {node: '>=8'}

  shebang-regex@3.0.0:
    resolution: {integrity: sha512-7++dFhtcx3353uBaq8DDR4NuxBetBzC7ZQOhmTQInHEd6bSrXdiEyzCvG07Z44UYdLShWUyXt5M/yhz8ekcb1A==}
    engines: {node: '>=8'}

  signal-exit@4.1.0:
    resolution: {integrity: sha512-bzyZ1e88w9O1iNJbKnOlvYTrWPDl46O1bG0D3XInv+9tkPrxrN8jUUTiFlDkkmKWgn1M6CfIA13SuGqOa9Korw==}
    engines: {node: '>=14'}

  sisteransi@1.0.5:
    resolution: {integrity: sha512-bLGGlR1QxBcynn2d5YmDX4MGjlZvy2MRBDRNHLJ8VI6l6+9FUiyTFNJ0IveOSP0bcXgVDPRcfGqA0pjaqUpfVg==}

  source-map-js@1.2.1:
    resolution: {integrity: sha512-UXWMKhLOwVKb728IUtQPXxfYU+usdybtUrK/8uGE8CQMvrhOpwvzDBwj0QhSL7MQc7vIsISBG8VQ8+IDQxpfQA==}
    engines: {node: '>=0.10.0'}

  stdin-discarder@0.2.2:
    resolution: {integrity: sha512-UhDfHmA92YAlNnCfhmq0VeNL5bDbiZGg7sZ2IvPsXubGkiNa9EC+tUTsjBRsYUAz87btI6/1wf4XoVvQ3uRnmQ==}
    engines: {node: '>=18'}

  string-width@4.2.3:
    resolution: {integrity: sha512-wKyQRQpjJ0sIp62ErSZdGsjMJWsap5oRNihHhu6G7JVO/9jIB6UyevL+tXuOqrng8j/cxKTWyWUwvSTriiZz/g==}
    engines: {node: '>=8'}

  string-width@5.1.2:
    resolution: {integrity: sha512-HnLOCR3vjcY8beoNLtcjZ5/nxn2afmME6lhrDrebokqMap+XbeW8n9TXpPDOqdGK5qcI3oT0GKTW6wC7EMiVqA==}
    engines: {node: '>=12'}

  string-width@7.2.0:
    resolution: {integrity: sha512-tsaTIkKW9b4N+AEj+SVA+WhJzV7/zMhcSu78mLKWSk7cXMOSHsBKFWUs0fWwq8QyK3MgJBQRX6Gbi4kYbdvGkQ==}
    engines: {node: '>=18'}

  strip-ansi@6.0.1:
    resolution: {integrity: sha512-Y38VPSHcqkFrCpFnQ9vuSXmquuv5oXOKpGeT6aGrr3o3Gc9AlVa6JBfUSOCnbxGGZF+/0ooI7KrPuUSztUdU5A==}
    engines: {node: '>=8'}

  strip-ansi@7.2.0:
    resolution: {integrity: sha512-yDPMNjp4WyfYBkHnjIRLfca1i6KMyGCtsVgoKe/z1+6vukgaENdgGBZt+ZmKPc4gavvEZ5OgHfHdrazhgNyG7w==}
    engines: {node: '>=12'}

  strip-final-newline@3.0.0:
    resolution: {integrity: sha512-dOESqjYr96iWYylGObzd39EuNTa5VJxyvVAEm5Jnh7KGo75V43Hk1odPQkNDyXNmUR6k+gEiDVXnjB8HJ3crXw==}
    engines: {node: '>=12'}

  to-regex-range@5.0.1:
    resolution: {integrity: sha512-65P7iz6X5yEr1cwcgvQxbbIw7Uk3gOy5dIdtZ4rDveLqhrdJP+Li/Hx6tyK0NEb+2GCyneCMJiGqrADCSNk8sQ==}
    engines: {node: '>=8.0'}

  typescript@5.9.3:
    resolution: {integrity: sha512-jl1vZzPDinLr9eUt3J/t7V6FgNEw9QjvBPdysz9KfQDD41fQrC2Y4vKQdiaUpFT4bXlb1RHhLpp8wtm6M5TgSw==}
    engines: {node: '>=14.17'}
    hasBin: true

  undici-types@6.21.0:
    resolution: {integrity: sha512-iwDZqg0QAGrg9Rav5H4n0M64c3mkR59cJ6wQp+7C4nI0gsmExaedaYLNO44eT4AtBBwjbTiGPMlt2Md0T9H9JQ==}

  vite@5.4.21:
    resolution: {integrity: sha512-o5a9xKjbtuhY6Bi5S3+HvbRERmouabWbyUcpXXUA1u+GNUKoROi9byOJ8M0nHbHYHkYICiMlqxkg1KkYmm25Sw==}
    engines: {node: ^18.0.0 || >=20.0.0}
    hasBin: true
    peerDependencies:
      '@types/node': ^18.0.0 || >=20.0.0
      less: '*'
      lightningcss: ^1.21.0
      sass: '*'
      sass-embedded: '*'
      stylus: '*'
      sugarss: '*'
      terser: ^5.4.0
    peerDependenciesMeta:
      '@types/node':
        optional: true
      less:
        optional: true
      lightningcss:
        optional: true
      sass:
        optional: true
      sass-embedded:
        optional: true
      stylus:
        optional: true
      sugarss:
        optional: true
      terser:
        optional: true

  which@2.0.2:
    resolution: {integrity: sha512-BLI3Tl1TW3Pvl70l3yq3Y64i+awpwXqsGBYWkkqMtnbXgrMD+yj7rhW0kuEDxzJaYXGjEW5ogapKNMEKNMjibA==}
    engines: {node: '>= 8'}
    hasBin: true

  wrap-ansi@7.0.0:
    resolution: {integrity: sha512-YVGIj2kamLSTxw6NsZjoBxfSwsn0ycdesmc4p+Q21c5zPuZ1pl+NfxVdxPtdHvmNVOQ6XSYG4AUtyt/Fi7D16Q==}
    engines: {node: '>=10'}

  wrap-ansi@8.1.0:
    resolution: {integrity: sha512-si7QWI6zUMq56bESFvagtmzMdGOtoxfR+Sez11Mobfc7tm+VkUckk9bW2UeffTGVUbOksxmSw0AA2gs8g71NCQ==}
    engines: {node: '>=12'}

snapshots:

  '@esbuild/aix-ppc64@0.21.5':
    optional: true

  '@esbuild/android-arm64@0.21.5':
    optional: true

  '@esbuild/android-arm@0.21.5':
    optional: true

  '@esbuild/android-x64@0.21.5':
    optional: true

  '@esbuild/darwin-arm64@0.21.5':
    optional: true

  '@esbuild/darwin-x64@0.21.5':
    optional: true

  '@esbuild/freebsd-arm64@0.21.5':
    optional: true

  '@esbuild/freebsd-x64@0.21.5':
    optional: true

  '@esbuild/linux-arm64@0.21.5':
    optional: true

  '@esbuild/linux-arm@0.21.5':
    optional: true

  '@esbuild/linux-ia32@0.21.5':
    optional: true

  '@esbuild/linux-loong64@0.21.5':
    optional: true

  '@esbuild/linux-mips64el@0.21.5':
    optional: true

  '@esbuild/linux-ppc64@0.21.5':
    optional: true

  '@esbuild/linux-riscv64@0.21.5':
    optional: true

  '@esbuild/linux-s390x@0.21.5':
    optional: true

  '@esbuild/linux-x64@0.21.5':
    optional: true

  '@esbuild/netbsd-x64@0.21.5':
    optional: true

  '@esbuild/openbsd-x64@0.21.5':
    optional: true

  '@esbuild/sunos-x64@0.21.5':
    optional: true

  '@esbuild/win32-arm64@0.21.5':
    optional: true

  '@esbuild/win32-ia32@0.21.5':
    optional: true

  '@esbuild/win32-x64@0.21.5':
    optional: true

  '@isaacs/cliui@8.0.2':
    dependencies:
      string-width: 5.1.2
      string-width-cjs: string-width@4.2.3
      strip-ansi: 7.2.0
      strip-ansi-cjs: strip-ansi@6.0.1
      wrap-ansi: 8.1.0
      wrap-ansi-cjs: wrap-ansi@7.0.0

  '@pkgjs/parseargs@0.11.0':
    optional: true

  '@rollup/rollup-android-arm-eabi@4.61.1':
    optional: true

  '@rollup/rollup-android-arm64@4.61.1':
    optional: true

  '@rollup/rollup-darwin-arm64@4.61.1':
    optional: true

  '@rollup/rollup-darwin-x64@4.61.1':
    optional: true

  '@rollup/rollup-freebsd-arm64@4.61.1':
    optional: true

  '@rollup/rollup-freebsd-x64@4.61.1':
    optional: true

  '@rollup/rollup-linux-arm-gnueabihf@4.61.1':
    optional: true

  '@rollup/rollup-linux-arm-musleabihf@4.61.1':
    optional: true

  '@rollup/rollup-linux-arm64-gnu@4.61.1':
    optional: true

  '@rollup/rollup-linux-arm64-musl@4.61.1':
    optional: true

  '@rollup/rollup-linux-loong64-gnu@4.61.1':
    optional: true

  '@rollup/rollup-linux-loong64-musl@4.61.1':
    optional: true

  '@rollup/rollup-linux-ppc64-gnu@4.61.1':
    optional: true

  '@rollup/rollup-linux-ppc64-musl@4.61.1':
    optional: true

  '@rollup/rollup-linux-riscv64-gnu@4.61.1':
    optional: true

  '@rollup/rollup-linux-riscv64-musl@4.61.1':
    optional: true

  '@rollup/rollup-linux-s390x-gnu@4.61.1':
    optional: true

  '@rollup/rollup-linux-x64-gnu@4.61.1':
    optional: true

  '@rollup/rollup-linux-x64-musl@4.61.1':
    optional: true

  '@rollup/rollup-openbsd-x64@4.61.1':
    optional: true

  '@rollup/rollup-openharmony-arm64@4.61.1':
    optional: true

  '@rollup/rollup-win32-arm64-msvc@4.61.1':
    optional: true

  '@rollup/rollup-win32-ia32-msvc@4.61.1':
    optional: true

  '@rollup/rollup-win32-x64-gnu@4.61.1':
    optional: true

  '@rollup/rollup-win32-x64-msvc@4.61.1':
    optional: true

  '@types/estree@1.0.9': {}

  '@types/node@20.19.43':
    dependencies:
      undici-types: 6.21.0

  '@types/prompts@2.4.9':
    dependencies:
      '@types/node': 20.19.43
      kleur: 3.0.3

  '@types/prop-types@15.7.15': {}

  '@types/react-dom@18.3.7(@types/react@18.3.31)':
    dependencies:
      '@types/react': 18.3.31

  '@types/react@18.3.31':
    dependencies:
      '@types/prop-types': 15.7.15
      csstype: 3.2.3

  ansi-regex@5.0.1: {}

  ansi-regex@6.2.2: {}

  ansi-styles@4.3.0:
    dependencies:
      color-convert: 2.0.1

  ansi-styles@6.2.3: {}

  anymatch@3.1.3:
    dependencies:
      normalize-path: 3.0.0
      picomatch: 2.3.2

  balanced-match@1.0.2: {}

  binary-extensions@2.3.0: {}

  brace-expansion@2.1.1:
    dependencies:
      balanced-match: 1.0.2

  braces@3.0.3:
    dependencies:
      fill-range: 7.1.1

  chalk@5.6.2: {}

  chokidar@3.6.0:
    dependencies:
      anymatch: 3.1.3
      braces: 3.0.3
      glob-parent: 5.1.2
      is-binary-path: 2.1.0
      is-glob: 4.0.3
      normalize-path: 3.0.0
      readdirp: 3.6.0
    optionalDependencies:
      fsevents: 2.3.3

  cli-cursor@5.0.0:
    dependencies:
      restore-cursor: 5.1.0

  cli-spinners@2.9.2: {}

  color-convert@2.0.1:
    dependencies:
      color-name: 1.1.4

  color-name@1.1.4: {}

  commander@12.1.0: {}

  cross-spawn@7.0.6:
    dependencies:
      path-key: 3.1.1
      shebang-command: 2.0.0
      which: 2.0.2

  csstype@3.2.3: {}

  eastasianwidth@0.2.0: {}

  emoji-regex@10.6.0: {}

  emoji-regex@8.0.0: {}

  emoji-regex@9.2.2: {}

  esbuild@0.21.5:
    optionalDependencies:
      '@esbuild/aix-ppc64': 0.21.5
      '@esbuild/android-arm': 0.21.5
      '@esbuild/android-arm64': 0.21.5
      '@esbuild/android-x64': 0.21.5
      '@esbuild/darwin-arm64': 0.21.5
      '@esbuild/darwin-x64': 0.21.5
      '@esbuild/freebsd-arm64': 0.21.5
      '@esbuild/freebsd-x64': 0.21.5
      '@esbuild/linux-arm': 0.21.5
      '@esbuild/linux-arm64': 0.21.5
      '@esbuild/linux-ia32': 0.21.5
      '@esbuild/linux-loong64': 0.21.5
      '@esbuild/linux-mips64el': 0.21.5
      '@esbuild/linux-ppc64': 0.21.5
      '@esbuild/linux-riscv64': 0.21.5
      '@esbuild/linux-s390x': 0.21.5
      '@esbuild/linux-x64': 0.21.5
      '@esbuild/netbsd-x64': 0.21.5
      '@esbuild/openbsd-x64': 0.21.5
      '@esbuild/sunos-x64': 0.21.5
      '@esbuild/win32-arm64': 0.21.5
      '@esbuild/win32-ia32': 0.21.5
      '@esbuild/win32-x64': 0.21.5

  execa@8.0.1:
    dependencies:
      cross-spawn: 7.0.6
      get-stream: 8.0.1
      human-signals: 5.0.0
      is-stream: 3.0.0
      merge-stream: 2.0.0
      npm-run-path: 5.3.0
      onetime: 6.0.0
      signal-exit: 4.1.0
      strip-final-newline: 3.0.0

  fill-range@7.1.1:
    dependencies:
      to-regex-range: 5.0.1

  foreground-child@3.3.1:
    dependencies:
      cross-spawn: 7.0.6
      signal-exit: 4.1.0

  fsevents@2.3.3:
    optional: true

  get-east-asian-width@1.6.0: {}

  get-stream@8.0.1: {}

  glob-parent@5.1.2:
    dependencies:
      is-glob: 4.0.3

  glob@10.5.0:
    dependencies:
      foreground-child: 3.3.1
      jackspeak: 3.4.3
      minimatch: 9.0.9
      minipass: 7.1.3
      package-json-from-dist: 1.0.1
      path-scurry: 1.11.1

  human-signals@5.0.0: {}

  is-binary-path@2.1.0:
    dependencies:
      binary-extensions: 2.3.0

  is-extglob@2.1.1: {}

  is-fullwidth-code-point@3.0.0: {}

  is-glob@4.0.3:
    dependencies:
      is-extglob: 2.1.1

  is-interactive@2.0.0: {}

  is-number@7.0.0: {}

  is-stream@3.0.0: {}

  is-unicode-supported@1.3.0: {}

  is-unicode-supported@2.1.0: {}

  isexe@2.0.0: {}

  jackspeak@3.4.3:
    dependencies:
      '@isaacs/cliui': 8.0.2
    optionalDependencies:
      '@pkgjs/parseargs': 0.11.0

  kleur@3.0.3: {}

  log-symbols@6.0.0:
    dependencies:
      chalk: 5.6.2
      is-unicode-supported: 1.3.0

  lru-cache@10.4.3: {}

  merge-stream@2.0.0: {}

  mimic-fn@4.0.0: {}

  mimic-function@5.0.1: {}

  minimatch@9.0.9:
    dependencies:
      brace-expansion: 2.1.1

  minipass@7.1.3: {}

  nanoid@3.3.12: {}

  normalize-path@3.0.0: {}

  npm-run-path@5.3.0:
    dependencies:
      path-key: 4.0.0

  onetime@6.0.0:
    dependencies:
      mimic-fn: 4.0.0

  onetime@7.0.0:
    dependencies:
      mimic-function: 5.0.1

  ora@8.2.0:
    dependencies:
      chalk: 5.6.2
      cli-cursor: 5.0.0
      cli-spinners: 2.9.2
      is-interactive: 2.0.0
      is-unicode-supported: 2.1.0
      log-symbols: 6.0.0
      stdin-discarder: 0.2.2
      string-width: 7.2.0
      strip-ansi: 7.2.0

  package-json-from-dist@1.0.1: {}

  path-key@3.1.1: {}

  path-key@4.0.0: {}

  path-scurry@1.11.1:
    dependencies:
      lru-cache: 10.4.3
      minipass: 7.1.3

  picocolors@1.1.1: {}

  picomatch@2.3.2: {}

  postcss@8.5.15:
    dependencies:
      nanoid: 3.3.12
      picocolors: 1.1.1
      source-map-js: 1.2.1

  prompts@2.4.2:
    dependencies:
      kleur: 3.0.3
      sisteransi: 1.0.5

  react-dom@19.2.7(react@19.2.7):
    dependencies:
      react: 19.2.7
      scheduler: 0.27.0

  react@19.2.7: {}

  readdirp@3.6.0:
    dependencies:
      picomatch: 2.3.2

  restore-cursor@5.1.0:
    dependencies:
      onetime: 7.0.0
      signal-exit: 4.1.0

  rollup@4.61.1:
    dependencies:
      '@types/estree': 1.0.9
    optionalDependencies:
      '@rollup/rollup-android-arm-eabi': 4.61.1
      '@rollup/rollup-android-arm64': 4.61.1
      '@rollup/rollup-darwin-arm64': 4.61.1
      '@rollup/rollup-darwin-x64': 4.61.1
      '@rollup/rollup-freebsd-arm64': 4.61.1
      '@rollup/rollup-freebsd-x64': 4.61.1
      '@rollup/rollup-linux-arm-gnueabihf': 4.61.1
      '@rollup/rollup-linux-arm-musleabihf': 4.61.1
      '@rollup/rollup-linux-arm64-gnu': 4.61.1
      '@rollup/rollup-linux-arm64-musl': 4.61.1
      '@rollup/rollup-linux-loong64-gnu': 4.61.1
      '@rollup/rollup-linux-loong64-musl': 4.61.1
      '@rollup/rollup-linux-ppc64-gnu': 4.61.1
      '@rollup/rollup-linux-ppc64-musl': 4.61.1
      '@rollup/rollup-linux-riscv64-gnu': 4.61.1
      '@rollup/rollup-linux-riscv64-musl': 4.61.1
      '@rollup/rollup-linux-s390x-gnu': 4.61.1
      '@rollup/rollup-linux-x64-gnu': 4.61.1
      '@rollup/rollup-linux-x64-musl': 4.61.1
      '@rollup/rollup-openbsd-x64': 4.61.1
      '@rollup/rollup-openharmony-arm64': 4.61.1
      '@rollup/rollup-win32-arm64-msvc': 4.61.1
      '@rollup/rollup-win32-ia32-msvc': 4.61.1
      '@rollup/rollup-win32-x64-gnu': 4.61.1
      '@rollup/rollup-win32-x64-msvc': 4.61.1
      fsevents: 2.3.3

  scheduler@0.27.0: {}

  shebang-command@2.0.0:
    dependencies:
      shebang-regex: 3.0.0

  shebang-regex@3.0.0: {}

  signal-exit@4.1.0: {}

  sisteransi@1.0.5: {}

  source-map-js@1.2.1: {}

  stdin-discarder@0.2.2: {}

  string-width@4.2.3:
    dependencies:
      emoji-regex: 8.0.0
      is-fullwidth-code-point: 3.0.0
      strip-ansi: 6.0.1

  string-width@5.1.2:
    dependencies:
      eastasianwidth: 0.2.0
      emoji-regex: 9.2.2
      strip-ansi: 7.2.0

  string-width@7.2.0:
    dependencies:
      emoji-regex: 10.6.0
      get-east-asian-width: 1.6.0
      strip-ansi: 7.2.0

  strip-ansi@6.0.1:
    dependencies:
      ansi-regex: 5.0.1

  strip-ansi@7.2.0:
    dependencies:
      ansi-regex: 6.2.2

  strip-final-newline@3.0.0: {}

  to-regex-range@5.0.1:
    dependencies:
      is-number: 7.0.0

  typescript@5.9.3: {}

  undici-types@6.21.0: {}

  vite@5.4.21(@types/node@20.19.43):
    dependencies:
      esbuild: 0.21.5
      postcss: 8.5.15
      rollup: 4.61.1
    optionalDependencies:
      '@types/node': 20.19.43
      fsevents: 2.3.3

  which@2.0.2:
    dependencies:
      isexe: 2.0.0

  wrap-ansi@7.0.0:
    dependencies:
      ansi-styles: 4.3.0
      string-width: 4.2.3
      strip-ansi: 6.0.1

  wrap-ansi@8.1.0:
    dependencies:
      ansi-styles: 6.2.3
      string-width: 5.1.2
      strip-ansi: 7.2.0
